{
  "originHash" : "8db810839d2e05d8fa43fe72481467e8e9f47bda8dad613e17d2b9a570e27109",
  "pins" : [
    {
      "identity" : "nuke",
      "kind" : "remoteSourceControl",
      "location" : "https://github.com/kean/Nuke",
      "state" : {
        "revision" : "1248465fc4e41ee2fdbe253b8b14d5225b04093b",
        "version" : "13.0.2"
      }
    }
  ],
  "version" : 3
}
